
Microsoft Visual Studio Solution File, Format Version 12.00
# Visual Studio Version 17
VisualStudioVersion = 17.7.34031.279
MinimumVisualStudioVersion = 10.0.40219.1
Project("{FAE04EC0-301F-11D3-BF4B-00C04F79EFBC}") = "TestConsole", "TestConsole\TestConsole.csproj", "{C5FFB07E-62B8-4DD2-865D-F86176FEAB39}"
EndProject
Global
	GlobalSection(SolutionConfigurationPlatforms) = preSolution
		Debug|Any CPU = Debug|Any CPU
		Release|Any CPU = Release|Any CPU
	EndGlobalSection
	GlobalSection(ProjectConfigurationPlatforms) = postSolution
		{C5FFB07E-62B8-4DD2-865D-F86176FEAB39}.Debug|Any CPU.ActiveCfg = Debug|Any CPU
		{C5FFB07E-62B8-4DD2-865D-F86176FEAB39}.Debug|Any CPU.Build.0 = Debug|Any CPU
		{C5FFB07E-62B8-4DD2-865D-F86176FEAB39}.Release|Any CPU.ActiveCfg = Release|Any CPU
		{C5FFB07E-62B8-4DD2-865D-F86176FEAB39}.Release|Any CPU.Build.0 = Release|Any CPU
	EndGlobalSection
	GlobalSection(SolutionProperties) = preSolution
		HideSolutionNode = FALSE
	EndGlobalSection
	GlobalSection(ExtensibilityGlobals) = postSolution
		SolutionGuid = {6B04B933-C777-427B-A8CD-BB8B416699A9}
	EndGlobalSection
EndGlobal
